
Microsoft Visual Studio Solution File, Format Version 12.00
# Visual Studio Version 16
VisualStudioVersion = 16.0.31702.278
MinimumVisualStudioVersion = 10.0.40219.1
Project("{FAE04EC0-301F-11D3-BF4B-00C04F79EFBC}") = "App.WebApi", "HttpRequestApplication\App.WebApi.csproj", "{943CE4AE-0721-4DF9-B0FE-884643C12499}"
EndProject
Project("{9A19103F-16F7-4668-BE54-9A1E7A4F7556}") = "Server.Infrastructure", "BlazorRequests\ServerInfrastructure\Server.Infrastructure.csproj", "{8F4A9266-EB32-4C70-8BEB-6C928EC5F56F}"
EndProject
Project("{FAE04EC0-301F-11D3-BF4B-00C04F79EFBC}") = "App.Entities", "App.Entities\App.Entities.csproj", "{AC8732EC-F893-41CD-9507-513C8ED1CCED}"
EndProject
Global
	GlobalSection(SolutionConfigurationPlatforms) = preSolution
		Debug|Any CPU = Debug|Any CPU
		Release|Any CPU = Release|Any CPU
	EndGlobalSection
	GlobalSection(ProjectConfigurationPlatforms) = postSolution
		{943CE4AE-0721-4DF9-B0FE-884643C12499}.Debug|Any CPU.ActiveCfg = Debug|Any CPU
		{943CE4AE-0721-4DF9-B0FE-884643C12499}.Debug|Any CPU.Build.0 = Debug|Any CPU
		{943CE4AE-0721-4DF9-B0FE-884643C12499}.Release|Any CPU.ActiveCfg = Release|Any CPU
		{943CE4AE-0721-4DF9-B0FE-884643C12499}.Release|Any CPU.Build.0 = Release|Any CPU
		{8F4A9266-EB32-4C70-8BEB-6C928EC5F56F}.Debug|Any CPU.ActiveCfg = Debug|Any CPU
		{8F4A9266-EB32-4C70-8BEB-6C928EC5F56F}.Debug|Any CPU.Build.0 = Debug|Any CPU
		{8F4A9266-EB32-4C70-8BEB-6C928EC5F56F}.Release|Any CPU.ActiveCfg = Release|Any CPU
		{8F4A9266-EB32-4C70-8BEB-6C928EC5F56F}.Release|Any CPU.Build.0 = Release|Any CPU
		{AC8732EC-F893-41CD-9507-513C8ED1CCED}.Debug|Any CPU.ActiveCfg = Debug|Any CPU
		{AC8732EC-F893-41CD-9507-513C8ED1CCED}.Debug|Any CPU.Build.0 = Debug|Any CPU
		{AC8732EC-F893-41CD-9507-513C8ED1CCED}.Release|Any CPU.ActiveCfg = Release|Any CPU
		{AC8732EC-F893-41CD-9507-513C8ED1CCED}.Release|Any CPU.Build.0 = Release|Any CPU
	EndGlobalSection
	GlobalSection(SolutionProperties) = preSolution
		HideSolutionNode = FALSE
	EndGlobalSection
	GlobalSection(ExtensibilityGlobals) = postSolution
		SolutionGuid = {75D773DB-699B-475B-9B48-65FA122B3E22}
	EndGlobalSection
EndGlobal
